
Microsoft Visual Studio Solution File, Format Version 12.00
# Visual Studio Version 17
VisualStudioVersion = 17.14.36121.58 d17.14
MinimumVisualStudioVersion = 10.0.40219.1
Project("{FAE04EC0-301F-11D3-BF4B-00C04F79EFBC}") = "ReproductorMultimedia", "ReproductorMultimedia\ReproductorMultimedia.csproj", "{88383838-05BA-406B-9CB5-BAFF63E95A7D}"
EndProject
Project("{FAE04EC0-301F-11D3-BF4B-00C04F79EFBC}") = "Logica", "Logica\Logica.csproj", "{1ACECDDF-EC2A-4F94-BCBD-8D8871C70C64}"
EndProject
Global
	GlobalSection(SolutionConfigurationPlatforms) = preSolution
		Debug|Any CPU = Debug|Any CPU
		Release|Any CPU = Release|Any CPU
	EndGlobalSection
	GlobalSection(ProjectConfigurationPlatforms) = postSolution
		{88383838-05BA-406B-9CB5-BAFF63E95A7D}.Debug|Any CPU.ActiveCfg = Debug|Any CPU
		{88383838-05BA-406B-9CB5-BAFF63E95A7D}.Debug|Any CPU.Build.0 = Debug|Any CPU
		{88383838-05BA-406B-9CB5-BAFF63E95A7D}.Release|Any CPU.ActiveCfg = Release|Any CPU
		{88383838-05BA-406B-9CB5-BAFF63E95A7D}.Release|Any CPU.Build.0 = Release|Any CPU
		{1ACECDDF-EC2A-4F94-BCBD-8D8871C70C64}.Debug|Any CPU.ActiveCfg = Debug|Any CPU
		{1ACECDDF-EC2A-4F94-BCBD-8D8871C70C64}.Debug|Any CPU.Build.0 = Debug|Any CPU
		{1ACECDDF-EC2A-4F94-BCBD-8D8871C70C64}.Release|Any CPU.ActiveCfg = Release|Any CPU
		{1ACECDDF-EC2A-4F94-BCBD-8D8871C70C64}.Release|Any CPU.Build.0 = Release|Any CPU
	EndGlobalSection
	GlobalSection(SolutionProperties) = preSolution
		HideSolutionNode = FALSE
	EndGlobalSection
	GlobalSection(ExtensibilityGlobals) = postSolution
		SolutionGuid = {45D34196-E981-408B-9F0A-D177FEDD0FF3}
	EndGlobalSection
EndGlobal
